// !$*UTF8*$!
{
	archiveVersion = 1;
	classes = {
	};
	objectVersion = 77;
	objects = {

/* Begin PBXBuildFile section */
		8B92F5CC2F9EBF3600300447 /* BigBroKit in Frameworks */ = {isa = PBXBuildFile; productRef = 8B92F5CB2F9EBF3600300447 /* BigBroKit */; };
		8BAC68B02FA013EB00280F03 /* BigBroKit in Frameworks */ = {isa = PBXBuildFile; productRef = 8BAC68AF2FA013EB00280F03 /* BigBroKit */; };
/* End PBXBuildFile section */

/* Begin PBXContainerItemProxy section */
		8BBE41EC2F96C0C200F9DB8F /* PBXContainerItemProxy */ = {
			isa = PBXContainerItemProxy;
			containerPortal = 8BBE41D62F96C0C100F9DB8F /* Project object */;
			proxyType = 1;
			remoteGlobalIDString = 8BBE41DD2F96C0C100F9DB8F;
			remoteInfo = "bigbro-test";
		};
		8BBE41F62F96C0C200F9DB8F /* PBXContainerItemProxy */ = {
			isa = PBXContainerItemProxy;
			containerPortal = 8BBE41D62F96C0C100F9DB8F /* Project object */;
			proxyType = 1;
			remoteGlobalIDString = 8BBE41DD2F96C0C100F9DB8F;
			remoteInfo = "bigbro-test";
		};
/* End PBXContainerItemProxy section */

/* Begin PBXCopyFilesBuildPhase section */
		8B5239E22F99928B00E49E55 /* Embed Frameworks */ = {
			isa = PBXCopyFilesBuildPhase;
			buildActionMask = 2147483647;
			dstPath = "";
			dstSubfolderSpec = 10;
			files = (
			);
			name = "Embed Frameworks";
			runOnlyForDeploymentPostprocessing = 0;
		};
/* End PBXCopyFilesBuildPhase section */

/* Begin PBXFileReference section */
		8BBE41DE2F96C0C100F9DB8F /* bigbro-test.app */ = {isa = PBXFileReference; explicitFileType = wrapper.application; includeInIndex = 0; path = "bigbro-test.app"; sourceTree = BUILT_PRODUCTS_DIR; };
		8BBE41EB2F96C0C200F9DB8F /* bigbro-testTests.xctest */ = {isa = PBXFileReference; explicitFileType = wrapper.cfbundle; includeInIndex = 0; path = "bigbro-testTests.xctest"; sourceTree = BUILT_PRODUCTS_DIR; };
		8BBE41F52F96C0C200F9DB8F /* bigbro-testUITests.xctest */ = {isa = PBXFileReference; explicitFileType = wrapper.cfbundle; includeInIndex = 0; path = "bigbro-testUITests.xctest"; sourceTree = BUILT_PRODUCTS_DIR; };
/* End PBXFileReference section */

/* Begin PBXFileSystemSynchronizedBuildFileExceptionSet section */
		8BBE42092F96C1EF00F9DB8F /* Exceptions for "bigbro-test" folder in "bigbro-test" target */ = {
			isa = PBXFileSystemSynchronizedBuildFileExceptionSet;
			membershipExceptions = (
				Info.plist,
			);
			target = 8BBE41DD2F96C0C100F9DB8F /* bigbro-test */;
		};
/* End PBXFileSystemSynchronizedBuildFileExceptionSet section */

/* Begin PBXFileSystemSynchronizedRootGroup section */
		8BBE41E02F96C0C100F9DB8F /* bigbro-test */ = {
			isa = PBXFileSystemSynchronizedRootGroup;
			exceptions = (
				8BBE42092F96C1EF00F9DB8F /* Exceptions for "bigbro-test" folder in "bigbro-test" target */,
			);
			path = "bigbro-test";
			sourceTree = "<group>";
		};
/* End PBXFileSystemSynchronizedRootGroup section */

/* Begin PBXFrameworksBuildPhase section */
		8BBE41DB2F96C0C100F9DB8F /* Frameworks */ = {
			isa = PBXFrameworksBuildPhase;
			buildActionMask = 2147483647;
			files = (
				8BAC68B02FA013EB00280F03 /* BigBroKit in Frameworks */,
				8B92F5CC2F9EBF3600300447 /* BigBroKit in Frameworks */,
			);
			runOnlyForDeploymentPostprocessing = 0;
		};
		8BBE41E82F96C0C200F9DB8F /* Frameworks */ = {
			isa = PBXFrameworksBuildPhase;
			buildActionMask = 2147483647;
			files = (
			);
			runOnlyForDeploymentPostprocessing = 0;
		};
		8BBE41F22F96C0C200F9DB8F /* Frameworks */ = {
			isa = PBXFrameworksBuildPhase;
			buildActionMask = 2147483647;
			files = (
			);
			runOnlyForDeploymentPostprocessing = 0;
		};
/* End PBXFrameworksBuildPhase section */

/* Begin PBXGroup section */
		8BBE41D52F96C0C100F9DB8F = {
			isa = PBXGroup;
			children = (
				8BBE41E02F96C0C100F9DB8F /* bigbro-test */,
				8BBE41DF2F96C0C100F9DB8F /* Products */,
			);
			sourceTree = "<group>";
		};
		8BBE41DF2F96C0C100F9DB8F /* Products */ = {
			isa = PBXGroup;
			children = (
				8BBE41DE2F96C0C100F9DB8F /* bigbro-test.app */,
				8BBE41EB2F96C0C200F9DB8F /* bigbro-testTests.xctest */,
				8BBE41F52F96C0C200F9DB8F /* bigbro-testUITests.xctest */,
			);
			name = Products;
			sourceTree = "<group>";
		};
/* End PBXGroup section */

/* Begin PBXNativeTarget section */
		8BBE41DD2F96C0C100F9DB8F /* bigbro-test */ = {
			isa = PBXNativeTarget;
			buildConfigurationList = 8BBE41FF2F96C0C200F9DB8F /* Build configuration list for PBXNativeTarget "bigbro-test" */;
			buildPhases = (
				8BBE41DA2F96C0C100F9DB8F /* Sources */,
				8BBE41DB2F96C0C100F9DB8F /* Frameworks */,
				8BBE41DC2F96C0C100F9DB8F /* Resources */,
				8B5239E22F99928B00E49E55 /* Embed Frameworks */,
			);
			buildRules = (
			);
			dependencies = (
			);
			fileSystemSynchronizedGroups = (
				8BBE41E02F96C0C100F9DB8F /* bigbro-test */,
			);
			name = "bigbro-test";
			packageProductDependencies = (
				8B92F5CB2F9EBF3600300447 /* BigBroKit */,
				8BAC68AF2FA013EB00280F03 /* BigBroKit */,
			);
			productName = "bigbro-test";
			productReference = 8BBE41DE2F96C0C100F9DB8F /* bigbro-test.app */;
			productType = "com.apple.product-type.application";
		};
		8BBE41EA2F96C0C200F9DB8F /* bigbro-testTests */ = {
			isa = PBXNativeTarget;
			buildConfigurationList = 8BBE42022F96C0C200F9DB8F /* Build configuration list for PBXNativeTarget "bigbro-testTests" */;
			buildPhases = (
				8BBE41E72F96C0C200F9DB8F /* Sources */,
				8BBE41E82F96C0C200F9DB8F /* Frameworks */,
				8BBE41E92F96C0C200F9DB8F /* Resources */,
			);
			buildRules = (
			);
			dependencies = (
				8BBE41ED2F96C0C200F9DB8F /* PBXTargetDependency */,
			);
			name = "bigbro-testTests";
			packageProductDependencies = (
			);
			productName = "bigbro-testTests";
			productReference = 8BBE41EB2F96C0C200F9DB8F /* bigbro-testTests.xctest */;
			productType = "com.apple.product-type.bundle.unit-test";
		};
		8BBE41F42F96C0C200F9DB8F /* bigbro-testUITests */ = {
			isa = PBXNativeTarget;
			buildConfigurationList = 8BBE42052F96C0C200F9DB8F /* Build configuration list for PBXNativeTarget "bigbro-testUITests" */;
			buildPhases = (
				8BBE41F12F96C0C200F9DB8F /* Sources */,
				8BBE41F22F96C0C200F9DB8F /* Frameworks */,
				8BBE41F32F96C0C200F9DB8F /* Resources */,
			);
			buildRules = (
			);
			dependencies = (
				8BBE41F72F96C0C200F9DB8F /* PBXTargetDependency */,
			);
			name = "bigbro-testUITests";
			packageProductDependencies = (
			);
			productName = "bigbro-testUITests";
			productReference = 8BBE41F52F96C0C200F9DB8F /* bigbro-testUITests.xctest */;
			productType = "com.apple.product-type.bundle.ui-testing";
		};
/* End PBXNativeTarget section */

/* Begin PBXProject section */
		8BBE41D62F96C0C100F9DB8F /* Project object */ = {
			isa = PBXProject;
			attributes = {
				BuildIndependentTargetsInParallel = 1;
				LastSwiftUpdateCheck = 2640;
				LastUpgradeCheck = 2640;
				TargetAttributes = {
					8BBE41DD2F96C0C100F9DB8F = {
						CreatedOnToolsVersion = 26.4.1;
					};
					8BBE41EA2F96C0C200F9DB8F = {
						CreatedOnToolsVersion = 26.4.1;
						TestTargetID = 8BBE41DD2F96C0C100F9DB8F;
					};
					8BBE41F42F96C0C200F9DB8F = {
						CreatedOnToolsVersion = 26.4.1;
						TestTargetID = 8BBE41DD2F96C0C100F9DB8F;
					};
				};
			};
			buildConfigurationList = 8BBE41D92F96C0C100F9DB8F /* Build configuration list for PBXProject "bigbro-test" */;
			developmentRegion = en;
			hasScannedForEncodings = 0;
			knownRegions = (
				en,
				Base,
			);
			mainGroup = 8BBE41D52F96C0C100F9DB8F;
			minimizedProjectReferenceProxies = 1;
			packageReferences = (
				8BAC68AE2FA013EB00280F03 /* XCLocalSwiftPackageReference "../bigbro-kit" */,
			);
			preferredProjectObjectVersion = 77;
			productRefGroup = 8BBE41DF2F96C0C100F9DB8F /* Products */;
			projectDirPath = "";
			projectRoot = "";
			targets = (
				8BBE41DD2F96C0C100F9DB8F /* bigbro-test */,
				8BBE41EA2F96C0C200F9DB8F /* bigbro-testTests */,
				8BBE41F42F96C0C200F9DB8F /* bigbro-testUITests */,
			);
		};
/* End PBXProject section */

/* Begin PBXResourcesBuildPhase section */
		8BBE41DC2F96C0C100F9DB8F /* Resources */ = {
			isa = PBXResourcesBuildPhase;
			buildActionMask = 2147483647;
			files = (
			);
			runOnlyForDeploymentPostprocessing = 0;
		};
		8BBE41E92F96C0C200F9DB8F /* Resources */ = {
			isa = PBXResourcesBuildPhase;
			buildActionMask = 2147483647;
			files = (
			);
			runOnlyForDeploymentPostprocessing = 0;
		};
		8BBE41F32F96C0C200F9DB8F /* Resources */ = {
			isa = PBXResourcesBuildPhase;
			buildActionMask = 2147483647;
			files = (
			);
			runOnlyForDeploymentPostprocessing = 0;
		};
/* End PBXResourcesBuildPhase section */

/* Begin PBXSourcesBuildPhase section */
		8BBE41DA2F96C0C100F9DB8F /* Sources */ = {
			isa = PBXSourcesBuildPhase;
			buildActionMask = 2147483647;
			files = (
			);
			runOnlyForDeploymentPostprocessing = 0;
		};
		8BBE41E72F96C0C200F9DB8F /* Sources */ = {
			isa = PBXSourcesBuildPhase;
			buildActionMask = 2147483647;
			files = (
			);
			runOnlyForDeploymentPostprocessing = 0;
		};
		8BBE41F12F96C0C200F9DB8F /* Sources */ = {
			isa = PBXSourcesBuildPhase;
			buildActionMask = 2147483647;
			files = (
			);
			runOnlyForDeploymentPostprocessing = 0;
		};
/* End PBXSourcesBuildPhase section */

/* Begin PBXTargetDependency section */
		8BBE41ED2F96C0C200F9DB8F /* PBXTargetDependency */ = {
			isa = PBXTargetDependency;
			target = 8BBE41DD2F96C0C100F9DB8F /* bigbro-test */;
			targetProxy = 8BBE41EC2F96C0C200F9DB8F /* PBXContainerItemProxy */;
		};
		8BBE41F72F96C0C200F9DB8F /* PBXTargetDependency */ = {
			isa = PBXTargetDependency;
			target = 8BBE41DD2F96C0C100F9DB8F /* bigbro-test */;
			targetProxy = 8BBE41F62F96C0C200F9DB8F /* PBXContainerItemProxy */;
		};
/* End PBXTargetDependency section */

/* Begin XCBuildConfiguration section */
		8BBE41FD2F96C0C200F9DB8F /* Debug */ = {
			isa = XCBuildConfiguration;
			buildSettings = {
				ALWAYS_SEARCH_USER_PATHS = NO;
				ASSETCATALOG_COMPILER_GENERATE_SWIFT_ASSET_SYMBOL_EXTENSIONS = YES;
				CLANG_ANALYZER_NONNULL = YES;
				CLANG_ANALYZER_NUMBER_OBJECT_CONVERSION = YES_AGGRESSIVE;
				CLANG_CXX_LANGUAGE_STANDARD = "gnu++20";
				CLANG_ENABLE_MODULES = YES;
				CLANG_ENABLE_OBJC_ARC = YES;
				CLANG_ENABLE_OBJC_WEAK = YES;
				CLANG_WARN_BLOCK_CAPTURE_AUTORELEASING = YES;
				CLANG_WARN_BOOL_CONVERSION = YES;
				CLANG_WARN_COMMA = YES;
				CLANG_WARN_CONSTANT_CONVERSION = YES;
				CLANG_WARN_DEPRECATED_OBJC_IMPLEMENTATIONS = YES;
				CLANG_WARN_DIRECT_OBJC_ISA_USAGE = YES_ERROR;
				CLANG_WARN_DOCUMENTATION_COMMENTS = YES;
				CLANG_WARN_EMPTY_BODY = YES;
				CLANG_WARN_ENUM_CONVERSION = YES;
				CLANG_WARN_INFINITE_RECURSION = YES;
				CLANG_WARN_INT_CONVERSION = YES;
				CLANG_WARN_NON_LITERAL_NULL_CONVERSION = YES;
				CLANG_WARN_OBJC_IMPLICIT_RETAIN_SELF = YES;
				CLANG_WARN_OBJC_LITERAL_CONVERSION = YES;
				CLANG_WARN_OBJC_ROOT_CLASS = YES_ERROR;
				CLANG_WARN_QUOTED_INCLUDE_IN_FRAMEWORK_HEADER = YES;
				CLANG_WARN_RANGE_LOOP_ANALYSIS = YES;
				CLANG_WARN_STRICT_PROTOTYPES = YES;
				CLANG_WARN_SUSPICIOUS_MOVE = YES;
				CLANG_WARN_UNGUARDED_AVAILABILITY = YES_AGGRESSIVE;
				CLANG_WARN_UNREACHABLE_CODE = YES;
				CLANG_WARN__DUPLICATE_METHOD_MATCH = YES;
				COPY_PHASE_STRIP = NO;
				DEBUG_INFORMATION_FORMAT = dwarf;
				DEVELOPMENT_TEAM = MJ3P95GLA4;
				ENABLE_STRICT_OBJC_MSGSEND = YES;
				ENABLE_TESTABILITY = YES;
				ENABLE_USER_SCRIPT_SANDBOXING = YES;
				GCC_C_LANGUAGE_STANDARD = gnu17;
				GCC_DYNAMIC_NO_PIC = NO;
				GCC_NO_COMMON_BLOCKS = YES;
				GCC_OPTIMIZATION_LEVEL = 0;
				GCC_PREPROCESSOR_DEFINITIONS = (
					"DEBUG=1",
					"$(inherited)",
				);
				GCC_WARN_64_TO_32_BIT_CONVERSION = YES;
				GCC_WARN_ABOUT_RETURN_TYPE = YES_ERROR;
				GCC_WARN_UNDECLARED_SELECTOR = YES;
				GCC_WARN_UNINITIALIZED_AUTOS = YES_AGGRESSIVE;
				GCC_WARN_UNUSED_FUNCTION = YES;
				GCC_WARN_UNUSED_VARIABLE = YES;
				IPHONEOS_DEPLOYMENT_TARGET = 17.0;
				LOCALIZATION_PREFERS_STRING_CATALOGS = YES;
				MTL_ENABLE_DEBUG_INFO = INCLUDE_SOURCE;
				MTL_FAST_MATH = YES;
				ONLY_ACTIVE_ARCH = YES;
				SDKROOT = iphoneos;
				SWIFT_ACTIVE_COMPILATION_CONDITIONS = "DEBUG $(inherited)";
				SWIFT_OPTIMIZATION_LEVEL = "-Onone";
			};
			name = Debug;
		};
		8BBE41FE2F96C0C200F9DB8F /* Release */ = {
			isa = XCBuildConfiguration;
			buildSettings = {
				ALWAYS_SEARCH_USER_PATHS = NO;
				ASSETCATALOG_COMPILER_GENERATE_SWIFT_ASSET_SYMBOL_EXTENSIONS = YES;
				CLANG_ANALYZER_NONNULL = YES;
				CLANG_ANALYZER_NUMBER_OBJECT_CONVERSION = YES_AGGRESSIVE;
				CLANG_CXX_LANGUAGE_STANDARD = "gnu++20";
				CLANG_ENABLE_MODULES = YES;
				CLANG_ENABLE_OBJC_ARC = YES;
				CLANG_ENABLE_OBJC_WEAK = YES;
				CLANG_WARN_BLOCK_CAPTURE_AUTORELEASING = YES;
				CLANG_WARN_BOOL_CONVERSION = YES;
				CLANG_WARN_COMMA = YES;
				CLANG_WARN_CONSTANT_CONVERSION = YES;
				CLANG_WARN_DEPRECATED_OBJC_IMPLEMENTATIONS = YES;
				CLANG_WARN_DIRECT_OBJC_ISA_USAGE = YES_ERROR;
				CLANG_WARN_DOCUMENTATION_COMMENTS = YES;
				CLANG_WARN_EMPTY_BODY = YES;
				CLANG_WARN_ENUM_CONVERSION = YES;
				CLANG_WARN_INFINITE_RECURSION = YES;
				CLANG_WARN_INT_CONVERSION = YES;
				CLANG_WARN_NON_LITERAL_NULL_CONVERSION = YES;
				CLANG_WARN_OBJC_IMPLICIT_RETAIN_SELF = YES;
				CLANG_WARN_OBJC_LITERAL_CONVERSION = YES;
				CLANG_WARN_OBJC_ROOT_CLASS = YES_ERROR;
				CLANG_WARN_QUOTED_INCLUDE_IN_FRAMEWORK_HEADER = YES;
				CLANG_WARN_RANGE_LOOP_ANALYSIS = YES;
				CLANG_WARN_STRICT_PROTOTYPES = YES;
				CLANG_WARN_SUSPICIOUS_MOVE = YES;
				CLANG_WARN_UNGUARDED_AVAILABILITY = YES_AGGRESSIVE;
				CLANG_WARN_UNREACHABLE_CODE = YES;
				CLANG_WARN__DUPLICATE_METHOD_MATCH = YES;
				COPY_PHASE_STRIP = NO;
				DEBUG_INFORMATION_FORMAT = "dwarf-with-dsym";
				DEVELOPMENT_TEAM = MJ3P95GLA4;
				ENABLE_NS_ASSERTIONS = NO;
				ENABLE_STRICT_OBJC_MSGSEND = YES;
				ENABLE_USER_SCRIPT_SANDBOXING = YES;
				GCC_C_LANGUAGE_STANDARD = gnu17;
				GCC_NO_COMMON_BLOCKS = YES;
				GCC_WARN_64_TO_32_BIT_CONVERSION = YES;
				GCC_WARN_ABOUT_RETURN_TYPE = YES_ERROR;
				GCC_WARN_UNDECLARED_SELECTOR = YES;
				GCC_WARN_UNINITIALIZED_AUTOS = YES_AGGRESSIVE;
				GCC_WARN_UNUSED_FUNCTION = YES;
				GCC_WARN_UNUSED_VARIABLE = YES;
				IPHONEOS_DEPLOYMENT_TARGET = 17.0;
				LOCALIZATION_PREFERS_STRING_CATALOGS = YES;
				MTL_ENABLE_DEBUG_INFO = NO;
				MTL_FAST_MATH = YES;
				SDKROOT = iphoneos;
				SWIFT_COMPILATION_MODE = wholemodule;
				VALIDATE_PRODUCT = YES;
			};
			name = Release;
		};
		8BBE42002F96C0C200F9DB8F /* Debug */ = {
			isa = XCBuildConfiguration;
			buildSettings = {
				ASSETCATALOG_COMPILER_APPICON_NAME = AppIcon;
				ASSETCATALOG_COMPILER_GLOBAL_ACCENT_COLOR_NAME = AccentColor;
				CODE_SIGN_STYLE = Automatic;
				CURRENT_PROJECT_VERSION = 1;
				DEVELOPMENT_TEAM = MJ3P95GLA4;
				ENABLE_PREVIEWS = YES;
				GENERATE_INFOPLIST_FILE = YES;
				INFOPLIST_FILE = "bigbro-test/Info.plist";
				INFOPLIST_KEY_NSLocalNetworkUsageDescription = "BigBro uses the local network to accept connections from iOS devices.";
				INFOPLIST_KEY_UIApplicationSceneManifest_Generation = YES;
				INFOPLIST_KEY_UIApplicationSupportsIndirectInputEvents = YES;
				INFOPLIST_KEY_UILaunchScreen_Generation = YES;
				INFOPLIST_KEY_UISupportedInterfaceOrientations_iPad = "UIInterfaceOrientationPortrait UIInterfaceOrientationPortraitUpsideDown UIInterfaceOrientationLandscapeLeft UIInterfaceOrientationLandscapeRight";
				INFOPLIST_KEY_UISupportedInterfaceOrientations_iPhone = "UIInterfaceOrientationPortrait UIInterfaceOrientationLandscapeLeft UIInterfaceOrientationLandscapeRight";
				IPHONEOS_DEPLOYMENT_TARGET = 17.0;
				LD_RUNPATH_SEARCH_PATHS = (
					"$(inherited)",
					"@executable_path/Frameworks",
				);
				MARKETING_VERSION = 1.0;
				PRODUCT_BUNDLE_IDENTIFIER = "NagataInc.bigbro-test";
				PRODUCT_NAME = "$(TARGET_NAME)";
				STRING_CATALOG_GENERATE_SYMBOLS = YES;
				SWIFT_APPROACHABLE_CONCURRENCY = YES;
				SWIFT_DEFAULT_ACTOR_ISOLATION = MainActor;
				SWIFT_EMIT_LOC_STRINGS = YES;
				SWIFT_UPCOMING_FEATURE_MEMBER_IMPORT_VISIBILITY = YES;
				SWIFT_VERSION = 5.0;
				TARGETED_DEVICE_FAMILY = "1,2";
			};
			name = Debug;
		};
		8BBE42012F96C0C200F9DB8F /* Release */ = {
			isa = XCBuildConfiguration;
			buildSettings = {
				ASSETCATALOG_COMPILER_APPICON_NAME = AppIcon;
				ASSETCATALOG_COMPILER_GLOBAL_ACCENT_COLOR_NAME = AccentColor;
				CODE_SIGN_STYLE = Automatic;
				CURRENT_PROJECT_VERSION = 1;
				DEVELOPMENT_TEAM = MJ3P95GLA4;
				ENABLE_PREVIEWS = YES;
				GENERATE_INFOPLIST_FILE = YES;
				INFOPLIST_FILE = "bigbro-test/Info.plist";
				INFOPLIST_KEY_NSLocalNetworkUsageDescription = "BigBro uses the local network to accept connections from iOS devices.";
				INFOPLIST_KEY_UIApplicationSceneManifest_Generation = YES;
				INFOPLIST_KEY_UIApplicationSupportsIndirectInputEvents = YES;
				INFOPLIST_KEY_UILaunchScreen_Generation = YES;
				INFOPLIST_KEY_UISupportedInterfaceOrientations_iPad = "UIInterfaceOrientationPortrait UIInterfaceOrientationPortraitUpsideDown UIInterfaceOrientationLandscapeLeft UIInterfaceOrientationLandscapeRight";
				INFOPLIST_KEY_UISupportedInterfaceOrientations_iPhone = "UIInterfaceOrientationPortrait UIInterfaceOrientationLandscapeLeft UIInterfaceOrientationLandscapeRight";
				IPHONEOS_DEPLOYMENT_TARGET = 17.0;
				LD_RUNPATH_SEARCH_PATHS = (
					"$(inherited)",
					"@executable_path/Frameworks",
				);
				MARKETING_VERSION = 1.0;
				PRODUCT_BUNDLE_IDENTIFIER = "NagataInc.bigbro-test";
				PRODUCT_NAME = "$(TARGET_NAME)";
				STRING_CATALOG_GENERATE_SYMBOLS = YES;
				SWIFT_APPROACHABLE_CONCURRENCY = YES;
				SWIFT_DEFAULT_ACTOR_ISOLATION = MainActor;
				SWIFT_EMIT_LOC_STRINGS = YES;
				SWIFT_UPCOMING_FEATURE_MEMBER_IMPORT_VISIBILITY = YES;
				SWIFT_VERSION = 5.0;
				TARGETED_DEVICE_FAMILY = "1,2";
			};
			name = Release;
		};
		8BBE42032F96C0C200F9DB8F /* Debug */ = {
			isa = XCBuildConfiguration;
			buildSettings = {
				BUNDLE_LOADER = "$(TEST_HOST)";
				CODE_SIGN_STYLE = Automatic;
				CURRENT_PROJECT_VERSION = 1;
				DEVELOPMENT_TEAM = MJ3P95GLA4;
				GENERATE_INFOPLIST_FILE = YES;
				IPHONEOS_DEPLOYMENT_TARGET = 17.0;
				MARKETING_VERSION = 1.0;
				PRODUCT_BUNDLE_IDENTIFIER = "NagataInc.bigbro-testTests";
				PRODUCT_NAME = "$(TARGET_NAME)";
				STRING_CATALOG_GENERATE_SYMBOLS = NO;
				SWIFT_APPROACHABLE_CONCURRENCY = YES;
				SWIFT_EMIT_LOC_STRINGS = NO;
				SWIFT_UPCOMING_FEATURE_MEMBER_IMPORT_VISIBILITY = YES;
				SWIFT_VERSION = 5.0;
				TARGETED_DEVICE_FAMILY = "1,2";
				TEST_HOST = "$(BUILT_PRODUCTS_DIR)/bigbro-test.app/$(BUNDLE_EXECUTABLE_FOLDER_PATH)/bigbro-test";
			};
			name = Debug;
		};
		8BBE42042F96C0C200F9DB8F /* Release */ = {
			isa = XCBuildConfiguration;
			buildSettings = {
				BUNDLE_LOADER = "$(TEST_HOST)";
				CODE_SIGN_STYLE = Automatic;
				CURRENT_PROJECT_VERSION = 1;
				DEVELOPMENT_TEAM = MJ3P95GLA4;
				GENERATE_INFOPLIST_FILE = YES;
				IPHONEOS_DEPLOYMENT_TARGET = 17.0;
				MARKETING_VERSION = 1.0;
				PRODUCT_BUNDLE_IDENTIFIER = "NagataInc.bigbro-testTests";
				PRODUCT_NAME = "$(TARGET_NAME)";
				STRING_CATALOG_GENERATE_SYMBOLS = NO;
				SWIFT_APPROACHABLE_CONCURRENCY = YES;
				SWIFT_EMIT_LOC_STRINGS = NO;
				SWIFT_UPCOMING_FEATURE_MEMBER_IMPORT_VISIBILITY = YES;
				SWIFT_VERSION = 5.0;
				TARGETED_DEVICE_FAMILY = "1,2";
				TEST_HOST = "$(BUILT_PRODUCTS_DIR)/bigbro-test.app/$(BUNDLE_EXECUTABLE_FOLDER_PATH)/bigbro-test";
			};
			name = Release;
		};
		8BBE42062F96C0C200F9DB8F /* Debug */ = {
			isa = XCBuildConfiguration;
			buildSettings = {
				CODE_SIGN_STYLE = Automatic;
				CURRENT_PROJECT_VERSION = 1;
				DEVELOPMENT_TEAM = MJ3P95GLA4;
				GENERATE_INFOPLIST_FILE = YES;
				MARKETING_VERSION = 1.0;
				PRODUCT_BUNDLE_IDENTIFIER = "NagataInc.bigbro-testUITests";
				PRODUCT_NAME = "$(TARGET_NAME)";
				STRING_CATALOG_GENERATE_SYMBOLS = NO;
				SWIFT_APPROACHABLE_CONCURRENCY = YES;
				SWIFT_EMIT_LOC_STRINGS = NO;
				SWIFT_UPCOMING_FEATURE_MEMBER_IMPORT_VISIBILITY = YES;
				SWIFT_VERSION = 5.0;
				TARGETED_DEVICE_FAMILY = "1,2";
				TEST_TARGET_NAME = "bigbro-test";
			};
			name = Debug;
		};
		8BBE42072F96C0C200F9DB8F /* Release */ = {
			isa = XCBuildConfiguration;
			buildSettings = {
				CODE_SIGN_STYLE = Automatic;
				CURRENT_PROJECT_VERSION = 1;
				DEVELOPMENT_TEAM = MJ3P95GLA4;
				GENERATE_INFOPLIST_FILE = YES;
				MARKETING_VERSION = 1.0;
				PRODUCT_BUNDLE_IDENTIFIER = "NagataInc.bigbro-testUITests";
				PRODUCT_NAME = "$(TARGET_NAME)";
				STRING_CATALOG_GENERATE_SYMBOLS = NO;
				SWIFT_APPROACHABLE_CONCURRENCY = YES;
				SWIFT_EMIT_LOC_STRINGS = NO;
				SWIFT_UPCOMING_FEATURE_MEMBER_IMPORT_VISIBILITY = YES;
				SWIFT_VERSION = 5.0;
				TARGETED_DEVICE_FAMILY = "1,2";
				TEST_TARGET_NAME = "bigbro-test";
			};
			name = Release;
		};
/* End XCBuildConfiguration section */

/* Begin XCConfigurationList section */
		8BBE41D92F96C0C100F9DB8F /* Build configuration list for PBXProject "bigbro-test" */ = {
			isa = XCConfigurationList;
			buildConfigurations = (
				8BBE41FD2F96C0C200F9DB8F /* Debug */,
				8BBE41FE2F96C0C200F9DB8F /* Release */,
			);
			defaultConfigurationIsVisible = 0;
			defaultConfigurationName = Release;
		};
		8BBE41FF2F96C0C200F9DB8F /* Build configuration list for PBXNativeTarget "bigbro-test" */ = {
			isa = XCConfigurationList;
			buildConfigurations = (
				8BBE42002F96C0C200F9DB8F /* Debug */,
				8BBE42012F96C0C200F9DB8F /* Release */,
			);
			defaultConfigurationIsVisible = 0;
			defaultConfigurationName = Release;
		};
		8BBE42022F96C0C200F9DB8F /* Build configuration list for PBXNativeTarget "bigbro-testTests" */ = {
			isa = XCConfigurationList;
			buildConfigurations = (
				8BBE42032F96C0C200F9DB8F /* Debug */,
				8BBE42042F96C0C200F9DB8F /* Release */,
			);
			defaultConfigurationIsVisible = 0;
			defaultConfigurationName = Release;
		};
		8BBE42052F96C0C200F9DB8F /* Build configuration list for PBXNativeTarget "bigbro-testUITests" */ = {
			isa = XCConfigurationList;
			buildConfigurations = (
				8BBE42062F96C0C200F9DB8F /* Debug */,
				8BBE42072F96C0C200F9DB8F /* Release */,
			);
			defaultConfigurationIsVisible = 0;
			defaultConfigurationName = Release;
		};
/* End XCConfigurationList section */

/* Begin XCLocalSwiftPackageReference section */
		8BAC68AE2FA013EB00280F03 /* XCLocalSwiftPackageReference "../bigbro-kit" */ = {
			isa = XCLocalSwiftPackageReference;
			relativePath = "../bigbro-kit";
		};
/* End XCLocalSwiftPackageReference section */

/* Begin XCSwiftPackageProductDependency section */
		8B92F5CB2F9EBF3600300447 /* BigBroKit */ = {
			isa = XCSwiftPackageProductDependency;
			productName = BigBroKit;
		};
		8BAC68AF2FA013EB00280F03 /* BigBroKit */ = {
			isa = XCSwiftPackageProductDependency;
			productName = BigBroKit;
		};
/* End XCSwiftPackageProductDependency section */
	};
	rootObject = 8BBE41D62F96C0C100F9DB8F /* Project object */;
}
